
Microsoft Visual Studio Solution File, Format Version 12.00
# Visual Studio Version 17
VisualStudioVersion = 17.0.31919.166
MinimumVisualStudioVersion = 10.0.40219.1
Project("{9A19103F-16F7-4668-BE54-9A1E7A4F7556}") = "MarioMaker2Overlay", "MarioMaker2Overlay\MarioMaker2Overlay.csproj", "{C9F2776C-8B11-4CE7-8594-DABDDEED1A1E}"
EndProject
Project("{9A19103F-16F7-4668-BE54-9A1E7A4F7556}") = "Chocobit.Shared", "Chocobit.Shared\Chocobit.Shared.csproj", "{FABEF90E-1624-4391-9F49-930312A775DE}"
EndProject
Project("{9A19103F-16F7-4668-BE54-9A1E7A4F7556}") = "ChocobitAwesomenessIndex", "ChocobitAwesomenessIndex\ChocobitAwesomenessIndex.csproj", "{17496C14-8406-4CAA-AE42-3F508610FA8C}"
EndProject
Global
	GlobalSection(SolutionConfigurationPlatforms) = preSolution
		Debug|Any CPU = Debug|Any CPU
		Release|Any CPU = Release|Any CPU
	EndGlobalSection
	GlobalSection(ProjectConfigurationPlatforms) = postSolution
		{C9F2776C-8B11-4CE7-8594-DABDDEED1A1E}.Debug|Any CPU.ActiveCfg = Debug|Any CPU
		{C9F2776C-8B11-4CE7-8594-DABDDEED1A1E}.Debug|Any CPU.Build.0 = Debug|Any CPU
		{C9F2776C-8B11-4CE7-8594-DABDDEED1A1E}.Release|Any CPU.ActiveCfg = Release|Any CPU
		{C9F2776C-8B11-4CE7-8594-DABDDEED1A1E}.Release|Any CPU.Build.0 = Release|Any CPU
		{FABEF90E-1624-4391-9F49-930312A775DE}.Debug|Any CPU.ActiveCfg = Debug|Any CPU
		{FABEF90E-1624-4391-9F49-930312A775DE}.Debug|Any CPU.Build.0 = Debug|Any CPU
		{FABEF90E-1624-4391-9F49-930312A775DE}.Release|Any CPU.ActiveCfg = Release|Any CPU
		{FABEF90E-1624-4391-9F49-930312A775DE}.Release|Any CPU.Build.0 = Release|Any CPU
		{17496C14-8406-4CAA-AE42-3F508610FA8C}.Debug|Any CPU.ActiveCfg = Debug|Any CPU
		{17496C14-8406-4CAA-AE42-3F508610FA8C}.Debug|Any CPU.Build.0 = Debug|Any CPU
		{17496C14-8406-4CAA-AE42-3F508610FA8C}.Release|Any CPU.ActiveCfg = Release|Any CPU
		{17496C14-8406-4CAA-AE42-3F508610FA8C}.Release|Any CPU.Build.0 = Release|Any CPU
	EndGlobalSection
	GlobalSection(SolutionProperties) = preSolution
		HideSolutionNode = FALSE
	EndGlobalSection
	GlobalSection(ExtensibilityGlobals) = postSolution
		SolutionGuid = {F3880343-A10F-4EA9-A276-B0FCBA1E309D}
	EndGlobalSection
EndGlobal
